{
  "name": "gates",
  "lockfileVersion": 3,
  "requires": true,
  "packages": {
    "": {
      "dependencies": {
        "halos-gates": "file:../.."
      }
    },
    "../..": {
      "version": "1.0.0",
      "devDependencies": {
        "ajv": "^8.17.1",
        "ajv-formats": "^3.0.1"
      }
    },
    "node_modules/halos-gates": {
      "resolved": "../..",
      "link": true
    }
  }
}
